version = 1
revision = 3
requires-python = ">=3.12"

[[package]]
name = "click"
version = "8.3.1"
source = { registry = "https://pypi.org/simple" }
dependencies = [
    { name = "colorama", marker = "sys_platform == 'win32'" },
]
sdist = { url = "https://files.pythonhosted.org/packages/3d/fa/656b739db8587d7b5dfa22e22ed02566950fbfbcdc20311993483657a5c0/click-8.3.1.tar.gz", hash = "sha256:12ff4785d337a1bb490bb7e9c2b1ee5da3112e94a8622f26a6c77f5d2fc6842a", size = 295065, upload-time = "2025-11-15T20:45:42.706Z" }
wheels = [
    { url = "https://files.pythonhosted.org/packages/98/78/01c019cdb5d6498122777c1a43056ebb3ebfeef2076d9d026bfe15583b2b/click-8.3.1-py3-none-any.whl", hash = "sha256:981153a64e25f12d547d3426c367a4857371575ee7ad18df2a6183ab0545b2a6", size = 108274, upload-time = "2025-11-15T20:45:41.139Z" },
]

[[package]]
name = "colorama"
version = "0.4.6"
source = { registry = "https://pypi.org/simple" }
sdist = { url = "https://files.pythonhosted.org/packages/d8/53/6f443c9a4a8358a93a6792e2acffb9d9d5cb0a5cfd8802644b7b1c9a02e4/colorama-0.4.6.tar.gz", hash = "sha256:08695f5cb7ed6e0531a20572697297273c47b8cae5a63ffc6d6ed5c201be6e44", size = 27697, upload-time = "2022-10-25T02:36:22.414Z" }
wheels = [
    { url = "https://files.pythonhosted.org/packages/d1/d6/3965ed04c63042e047cb6a3e6ed1a63a35087b6a609aa3a15ed8ac56c221/colorama-0.4.6-py2.py3-none-any.whl", hash = "sha256:4f1d9991f5acc0ca119f9d443620b77f9d6b33703e51011c16baf57afb285fc6", size = 25335, upload-time = "2022-10-25T02:36:20.889Z" },
]

[[package]]
name = "erlpack"
version = "1.0.1"
source = { registry = "https://pypi.org/simple" }
dependencies = [
    { name = "six" },
]
sdist = { url = "https://files.pythonhosted.org/packages/80/08/d8f198809cd623bb5e0258c00ff31d1ac063fdc0982084cb7b83e63c27f3/erlpack-1.0.1.tar.gz", hash = "sha256:3bfa63db0ebe1171866287474ade3a899cdf6df14fbc8e400aef91777258ff85", size = 191587, upload-time = "2025-01-31T00:19:58.981Z" }

[[package]]
name = "faker"
version = "40.4.0"
source = { registry = "https://pypi.org/simple" }
dependencies = [
    { name = "tzdata", marker = "sys_platform == 'win32'" },
]
sdist = { url = "https://files.pythonhosted.org/packages/fc/7e/dccb7013c9f3d66f2e379383600629fec75e4da2698548bdbf2041ea4b51/faker-40.4.0.tar.gz", hash = "sha256:76f8e74a3df28c3e2ec2caafa956e19e37a132fdc7ea067bc41783affcfee364", size = 1952221, upload-time = "2026-02-06T23:30:15.515Z" }
wheels = [
    { url = "https://files.pythonhosted.org/packages/ac/63/58efa67c10fb27810d34351b7a10f85f109a7f7e2a07dc3773952459c47b/faker-40.4.0-py3-none-any.whl", hash = "sha256:486d43c67ebbb136bc932406418744f9a0bdf2c07f77703ea78b58b77e9aa443", size = 1987060, upload-time = "2026-02-06T23:30:13.44Z" },
]

[[package]]
name = "oban"
version = "0.5.2"
source = { editable = "../../oban-py" }
dependencies = [
    { name = "click" },
    { name = "erlpack" },
    { name = "orjson" },
    { name = "psycopg", extra = ["binary"] },
    { name = "psycopg-pool" },
    { name = "uvloop" },
]

[package.metadata]
requires-dist = [
    { name = "click", specifier = ">=8.1.0" },
    { name = "erlpack", specifier = ">=1.0.0" },
    { name = "orjson", specifier = ">=3.11.4" },
    { name = "psycopg", extras = ["binary"], specifier = ">=3.2.13" },
    { name = "psycopg-pool", specifier = ">=3.2.6" },
    { name = "uvloop", specifier = ">=0.22.0" },
]

[package.metadata.requires-dev]
dev = [
    { name = "pytest", specifier = ">=8.3.5" },
    { name = "pytest-asyncio", specifier = ">=1.2.0" },
    { name = "pytest-benchmark", specifier = ">=5.2.3" },
    { name = "ruff", specifier = ">=0.9.9" },
    { name = "ty", specifier = ">=0.0.1a27" },
]
docs = [
    { name = "myst-parser", specifier = ">=4.0.0" },
    { name = "sphinx", specifier = ">=8.0.0" },
    { name = "sphinx-autodoc-typehints", specifier = ">=2.0.0" },
    { name = "sphinx-book-theme", specifier = ">=1.1.0" },
    { name = "sphinx-click", specifier = ">=6.0.0" },
    { name = "sphinx-design", specifier = ">=0.6.1" },
]

[[package]]
name = "orjson"
version = "3.11.7"
source = { registry = "https://pypi.org/simple" }
sdist = { url = "https://files.pythonhosted.org/packages/53/45/b268004f745ede84e5798b48ee12b05129d19235d0e15267aa57dcdb400b/orjson-3.11.7.tar.gz", hash = "sha256:9b1a67243945819ce55d24a30b59d6a168e86220452d2c96f4d1f093e71c0c49", size = 6144992, upload-time = "2026-02-02T15:38:49.29Z" }
wheels = [
    { url = "https://files.pythonhosted.org/packages/80/bf/76f4f1665f6983385938f0e2a5d7efa12a58171b8456c252f3bae8a4cf75/orjson-3.11.7-cp312-cp312-macosx_10_15_x86_64.macosx_11_0_arm64.macosx_10_15_universal2.whl", hash = "sha256:bd03ea7606833655048dab1a00734a2875e3e86c276e1d772b2a02556f0d895f", size = 228545, upload-time = "2026-02-02T15:37:46.376Z" },
    { url = "https://files.pythonhosted.org/packages/79/53/6c72c002cb13b5a978a068add59b25a8bdf2800ac1c9c8ecdb26d6d97064/orjson-3.11.7-cp312-cp312-macosx_15_0_arm64.whl", hash = "sha256:89e440ebc74ce8ab5c7bc4ce6757b4a6b1041becb127df818f6997b5c71aa60b", size = 125224, upload-time = "2026-02-02T15:37:47.697Z" },
    { url = "https://files.pythonhosted.org/packages/2c/83/10e48852865e5dd151bdfe652c06f7da484578ed02c5fca938e3632cb0b8/orjson-3.11.7-cp312-cp312-manylinux_2_17_aarch64.manylinux2014_aarch64.whl", hash = "sha256:5ede977b5fe5ac91b1dffc0a517ca4542d2ec8a6a4ff7b2652d94f640796342a", size = 128154, upload-time = "2026-02-02T15:37:48.954Z" },
    { url = "https://files.pythonhosted.org/packages/6e/52/a66e22a2b9abaa374b4a081d410edab6d1e30024707b87eab7c734afe28d/orjson-3.11.7-cp312-cp312-manylinux_2_17_armv7l.manylinux2014_armv7l.whl", hash = "sha256:b7b1dae39230a393df353827c855a5f176271c23434cfd2db74e0e424e693e10", size = 123548, upload-time = "2026-02-02T15:37:50.187Z" },
    { url = "https://files.pythonhosted.org/packages/de/38/605d371417021359f4910c496f764c48ceb8997605f8c25bf1dfe58c0ebe/orjson-3.11.7-cp312-cp312-manylinux_2_17_i686.manylinux2014_i686.whl", hash = "sha256:ed46f17096e28fb28d2975834836a639af7278aa87c84f68ab08fbe5b8bd75fa", size = 129000, upload-time = "2026-02-02T15:37:51.426Z" },
    { url = "https://files.pythonhosted.org/packages/44/98/af32e842b0ffd2335c89714d48ca4e3917b42f5d6ee5537832e069a4b3ac/orjson-3.11.7-cp312-cp312-manylinux_2_17_ppc64le.manylinux2014_ppc64le.whl", hash = "sha256:3726be79e36e526e3d9c1aceaadbfb4a04ee80a72ab47b3f3c17fefb9812e7b8", size = 141686, upload-time = "2026-02-02T15:37:52.607Z" },
    { url = "https://files.pythonhosted.org/packages/96/0b/fc793858dfa54be6feee940c1463370ece34b3c39c1ca0aa3845f5ba9892/orjson-3.11.7-cp312-cp312-manylinux_2_17_s390x.manylinux2014_s390x.whl", hash = "sha256:0724e265bc548af1dedebd9cb3d24b4e1c1e685a343be43e87ba922a5c5fff2f", size = 130812, upload-time = "2026-02-02T15:37:53.944Z" },
    { url = "https://files.pythonhosted.org/packages/dc/91/98a52415059db3f374757d0b7f0f16e3b5cd5976c90d1c2b56acaea039e6/orjson-3.11.7-cp312-cp312-manylinux_2_17_x86_64.manylinux2014_x86_64.whl", hash = "sha256:e7745312efa9e11c17fbd3cb3097262d079da26930ae9ae7ba28fb738367cbad", size = 133440, upload-time = "2026-02-02T15:37:55.615Z" },
    { url = "https://files.pythonhosted.org/packages/dc/b6/cb540117bda61791f46381f8c26c8f93e802892830a6055748d3bb1925ab/orjson-3.11.7-cp312-cp312-musllinux_1_2_aarch64.whl", hash = "sha256:f904c24bdeabd4298f7a977ef14ca2a022ca921ed670b92ecd16ab6f3d01f867", size = 138386, upload-time = "2026-02-02T15:37:56.814Z" },
    { url = "https://files.pythonhosted.org/packages/63/1a/50a3201c334a7f17c231eee5f841342190723794e3b06293f26e7cf87d31/orjson-3.11.7-cp312-cp312-musllinux_1_2_armv7l.whl", hash = "sha256:b9fc4d0f81f394689e0814617aadc4f2ea0e8025f38c226cbf22d3b5ddbf025d", size = 408853, upload-time = "2026-02-02T15:37:58.291Z" },
    { url = "https://files.pythonhosted.org/packages/87/cd/8de1c67d0be44fdc22701e5989c0d015a2adf391498ad42c4dc589cd3013/orjson-3.11.7-cp312-cp312-musllinux_1_2_i686.whl", hash = "sha256:849e38203e5be40b776ed2718e587faf204d184fc9a008ae441f9442320c0cab", size = 144130, upload-time = "2026-02-02T15:38:00.163Z" },
    { url = "https://files.pythonhosted.org/packages/0f/fe/d605d700c35dd55f51710d159fc54516a280923cd1b7e47508982fbb387d/orjson-3.11.7-cp312-cp312-musllinux_1_2_x86_64.whl", hash = "sha256:4682d1db3bcebd2b64757e0ddf9e87ae5f00d29d16c5cdf3a62f561d08cc3dd2", size = 134818, upload-time = "2026-02-02T15:38:01.507Z" },
    { url = "https://files.pythonhosted.org/packages/e4/e4/15ecc67edb3ddb3e2f46ae04475f2d294e8b60c1825fbe28a428b93b3fbd/orjson-3.11.7-cp312-cp312-win32.whl", hash = "sha256:f4f7c956b5215d949a1f65334cf9d7612dde38f20a95f2315deef167def91a6f", size = 127923, upload-time = "2026-02-02T15:38:02.75Z" },
    { url = "https://files.pythonhosted.org/packages/34/70/2e0855361f76198a3965273048c8e50a9695d88cd75811a5b46444895845/orjson-3.11.7-cp312-cp312-win_amd64.whl", hash = "sha256:bf742e149121dc5648ba0a08ea0871e87b660467ef168a3a5e53bc1fbd64bb74", size = 125007, upload-time = "2026-02-02T15:38:04.032Z" },
    { url = "https://files.pythonhosted.org/packages/68/40/c2051bd19fc467610fed469dc29e43ac65891571138f476834ca192bc290/orjson-3.11.7-cp312-cp312-win_arm64.whl", hash = "sha256:26c3b9132f783b7d7903bf1efb095fed8d4a3a85ec0d334ee8beff3d7a4749d5", size = 126089, upload-time = "2026-02-02T15:38:05.297Z" },
    { url = "https://files.pythonhosted.org/packages/89/25/6e0e52cac5aab51d7b6dcd257e855e1dec1c2060f6b28566c509b4665f62/orjson-3.11.7-cp313-cp313-macosx_10_15_x86_64.macosx_11_0_arm64.macosx_10_15_universal2.whl", hash = "sha256:1d98b30cc1313d52d4af17d9c3d307b08389752ec5f2e5febdfada70b0f8c733", size = 228390, upload-time = "2026-02-02T15:38:06.8Z" },
    { url = "https://files.pythonhosted.org/packages/a5/29/a77f48d2fc8a05bbc529e5ff481fb43d914f9e383ea2469d4f3d51df3d00/orjson-3.11.7-cp313-cp313-macosx_15_0_arm64.whl", hash = "sha256:d897e81f8d0cbd2abb82226d1860ad2e1ab3ff16d7b08c96ca00df9d45409ef4", size = 125189, upload-time = "2026-02-02T15:38:08.181Z" },
    { url = "https://files.pythonhosted.org/packages/89/25/0a16e0729a0e6a1504f9d1a13cdd365f030068aab64cec6958396b9969d7/orjson-3.11.7-cp313-cp313-manylinux_2_17_aarch64.manylinux2014_aarch64.whl", hash = "sha256:814be4b49b228cfc0b3c565acf642dd7d13538f966e3ccde61f4f55be3e20785", size = 128106, upload-time = "2026-02-02T15:38:09.41Z" },
    { url = "https://files.pythonhosted.org/packages/66/da/a2e505469d60666a05ab373f1a6322eb671cb2ba3a0ccfc7d4bc97196787/orjson-3.11.7-cp313-cp313-manylinux_2_17_armv7l.manylinux2014_armv7l.whl", hash = "sha256:d06e5c5fed5caedd2e540d62e5b1c25e8c82431b9e577c33537e5fa4aa909539", size = 123363, upload-time = "2026-02-02T15:38:10.73Z" },
    { url = "https://files.pythonhosted.org/packages/23/bf/ed73f88396ea35c71b38961734ea4a4746f7ca0768bf28fd551d37e48dd0/orjson-3.11.7-cp313-cp313-manylinux_2_17_i686.manylinux2014_i686.whl", hash = "sha256:31c80ce534ac4ea3739c5ee751270646cbc46e45aea7576a38ffec040b4029a1", size = 129007, upload-time = "2026-02-02T15:38:12.138Z" },
    { url = "https://files.pythonhosted.org/packages/73/3c/b05d80716f0225fc9008fbf8ab22841dcc268a626aa550561743714ce3bf/orjson-3.11.7-cp313-cp313-manylinux_2_17_ppc64le.manylinux2014_ppc64le.whl", hash = "sha256:f50979824bde13d32b4320eedd513431c921102796d86be3eee0b58e58a3ecd1", size = 141667, upload-time = "2026-02-02T15:38:13.398Z" },
    { url = "https://files.pythonhosted.org/packages/61/e8/0be9b0addd9bf86abfc938e97441dcd0375d494594b1c8ad10fe57479617/orjson-3.11.7-cp313-cp313-manylinux_2_17_s390x.manylinux2014_s390x.whl", hash = "sha256:9e54f3808e2b6b945078c41aa8d9b5834b28c50843846e97807e5adb75fa9705", size = 130832, upload-time = "2026-02-02T15:38:14.698Z" },
    { url = "https://files.pythonhosted.org/packages/c9/ec/c68e3b9021a31d9ec15a94931db1410136af862955854ed5dd7e7e4f5bff/orjson-3.11.7-cp313-cp313-manylinux_2_17_x86_64.manylinux2014_x86_64.whl", hash = "sha256:a12b80df61aab7b98b490fe9e4879925ba666fccdfcd175252ce4d9035865ace", size = 133373, upload-time = "2026-02-02T15:38:16.109Z" },
    { url = "https://files.pythonhosted.org/packages/d2/45/f3466739aaafa570cc8e77c6dbb853c48bf56e3b43738020e2661e08b0ac/orjson-3.11.7-cp313-cp313-musllinux_1_2_aarch64.whl", hash = "sha256:996b65230271f1a97026fd0e6a753f51fbc0c335d2ad0c6201f711b0da32693b", size = 138307, upload-time = "2026-02-02T15:38:17.453Z" },
    { url = "https://files.pythonhosted.org/packages/e1/84/9f7f02288da1ffb31405c1be07657afd1eecbcb4b64ee2817b6fe0f785fa/orjson-3.11.7-cp313-cp313-musllinux_1_2_armv7l.whl", hash = "sha256:ab49d4b2a6a1d415ddb9f37a21e02e0d5dbfe10b7870b21bf779fc21e9156157", size = 408695, upload-time = "2026-02-02T15:38:18.831Z" },
    { url = "https://files.pythonhosted.org/packages/18/07/9dd2f0c0104f1a0295ffbe912bc8d63307a539b900dd9e2c48ef7810d971/orjson-3.11.7-cp313-cp313-musllinux_1_2_i686.whl", hash = "sha256:390a1dce0c055ddf8adb6aa94a73b45a4a7d7177b5c584b8d1c1947f2ba60fb3", size = 144099, upload-time = "2026-02-02T15:38:20.28Z" },
    { url = "https://files.pythonhosted.org/packages/a5/66/857a8e4a3292e1f7b1b202883bcdeb43a91566cf59a93f97c53b44bd6801/orjson-3.11.7-cp313-cp313-musllinux_1_2_x86_64.whl", hash = "sha256:1eb80451a9c351a71dfaf5b7ccc13ad065405217726b59fdbeadbcc544f9d223", size = 134806, upload-time = "2026-02-02T15:38:22.186Z" },
    { url = "https://files.pythonhosted.org/packages/0a/5b/6ebcf3defc1aab3a338ca777214966851e92efb1f30dc7fc8285216e6d1b/orjson-3.11.7-cp313-cp313-win32.whl", hash = "sha256:7477aa6a6ec6139c5cb1cc7b214643592169a5494d200397c7fc95d740d5fcf3", size = 127914, upload-time = "2026-02-02T15:38:23.511Z" },
    { url = "https://files.pythonhosted.org/packages/00/04/c6f72daca5092e3117840a1b1e88dfc809cc1470cf0734890d0366b684a1/orjson-3.11.7-cp313-cp313-win_amd64.whl", hash = "sha256:b9f95dcdea9d4f805daa9ddf02617a89e484c6985fa03055459f90e87d7a0757", size = 124986, upload-time = "2026-02-02T15:38:24.836Z" },
    { url = "https://files.pythonhosted.org/packages/03/ba/077a0f6f1085d6b806937246860fafbd5b17f3919c70ee3f3d8d9c713f38/orjson-3.11.7-cp313-cp313-win_arm64.whl", hash = "sha256:800988273a014a0541483dc81021247d7eacb0c845a9d1a34a422bc718f41539", size = 126045, upload-time = "2026-02-02T15:38:26.216Z" },
    { url = "https://files.pythonhosted.org/packages/e9/1e/745565dca749813db9a093c5ebc4bac1a9475c64d54b95654336ac3ed961/orjson-3.11.7-cp314-cp314-macosx_10_15_x86_64.macosx_11_0_arm64.macosx_10_15_universal2.whl", hash = "sha256:de0a37f21d0d364954ad5de1970491d7fbd0fb1ef7417d4d56a36dc01ba0c0a0", size = 228391, upload-time = "2026-02-02T15:38:27.757Z" },
    { url = "https://files.pythonhosted.org/packages/46/19/e40f6225da4d3aa0c8dc6e5219c5e87c2063a560fe0d72a88deb59776794/orjson-3.11.7-cp314-cp314-macosx_15_0_arm64.whl", hash = "sha256:c2428d358d85e8da9d37cba18b8c4047c55222007a84f97156a5b22028dfbfc0", size = 125188, upload-time = "2026-02-02T15:38:29.241Z" },
    { url = "https://files.pythonhosted.org/packages/9d/7e/c4de2babef2c0817fd1f048fd176aa48c37bec8aef53d2fa932983032cce/orjson-3.11.7-cp314-cp314-manylinux_2_17_aarch64.manylinux2014_aarch64.whl", hash = "sha256:3c4bc6c6ac52cdaa267552544c73e486fecbd710b7ac09bc024d5a78555a22f6", size = 128097, upload-time = "2026-02-02T15:38:30.618Z" },
    { url = "https://files.pythonhosted.org/packages/eb/74/233d360632bafd2197f217eee7fb9c9d0229eac0c18128aee5b35b0014fe/orjson-3.11.7-cp314-cp314-manylinux_2_17_armv7l.manylinux2014_armv7l.whl", hash = "sha256:bd0d68edd7dfca1b2eca9361a44ac9f24b078de3481003159929a0573f21a6bf", size = 123364, upload-time = "2026-02-02T15:38:32.363Z" },
    { url = "https://files.pythonhosted.org/packages/79/51/af79504981dd31efe20a9e360eb49c15f06df2b40e7f25a0a52d9ae888e8/orjson-3.11.7-cp314-cp314-manylinux_2_17_i686.manylinux2014_i686.whl", hash = "sha256:623ad1b9548ef63886319c16fa317848e465a21513b31a6ad7b57443c3e0dcf5", size = 129076, upload-time = "2026-02-02T15:38:33.68Z" },
    { url = "https://files.pythonhosted.org/packages/67/e2/da898eb68b72304f8de05ca6715870d09d603ee98d30a27e8a9629abc64b/orjson-3.11.7-cp314-cp314-manylinux_2_17_ppc64le.manylinux2014_ppc64le.whl", hash = "sha256:6e776b998ac37c0396093d10290e60283f59cfe0fc3fccbd0ccc4bd04dd19892", size = 141705, upload-time = "2026-02-02T15:38:34.989Z" },
    { url = "https://files.pythonhosted.org/packages/c5/89/15364d92acb3d903b029e28d834edb8780c2b97404cbf7929aa6b9abdb24/orjson-3.11.7-cp314-cp314-manylinux_2_17_s390x.manylinux2014_s390x.whl", hash = "sha256:652c6c3af76716f4a9c290371ba2e390ede06f6603edb277b481daf37f6f464e", size = 130855, upload-time = "2026-02-02T15:38:36.379Z" },
    { url = "https://files.pythonhosted.org/packages/c2/8b/ecdad52d0b38d4b8f514be603e69ccd5eacf4e7241f972e37e79792212ec/orjson-3.11.7-cp314-cp314-manylinux_2_17_x86_64.manylinux2014_x86_64.whl", hash = "sha256:a56df3239294ea5964adf074c54bcc4f0ccd21636049a2cf3ca9cf03b5d03cf1", size = 133386, upload-time = "2026-02-02T15:38:37.704Z" },
    { url = "https://files.pythonhosted.org/packages/b9/0e/45e1dcf10e17d0924b7c9162f87ec7b4ca79e28a0548acf6a71788d3e108/orjson-3.11.7-cp314-cp314-musllinux_1_2_aarch64.whl", hash = "sha256:bda117c4148e81f746655d5a3239ae9bd00cb7bc3ca178b5fc5a5997e9744183", size = 138295, upload-time = "2026-02-02T15:38:39.096Z" },
    { url = "https://files.pythonhosted.org/packages/63/d7/4d2e8b03561257af0450f2845b91fbd111d7e526ccdf737267108075e0ba/orjson-3.11.7-cp314-cp314-musllinux_1_2_armv7l.whl", hash = "sha256:23d6c20517a97a9daf1d48b580fcdc6f0516c6f4b5038823426033690b4d2650", size = 408720, upload-time = "2026-02-02T15:38:40.634Z" },
    { url = "https://files.pythonhosted.org/packages/78/cf/d45343518282108b29c12a65892445fc51f9319dc3c552ceb51bb5905ed2/orjson-3.11.7-cp314-cp314-musllinux_1_2_i686.whl", hash = "sha256:8ff206156006da5b847c9304b6308a01e8cdbc8cce824e2779a5ba71c3def141", size = 144152, upload-time = "2026-02-02T15:38:42.262Z" },
    { url = "https://files.pythonhosted.org/packages/a9/3a/d6001f51a7275aacd342e77b735c71fa04125a3f93c36fee4526bc8c654e/orjson-3.11.7-cp314-cp314-musllinux_1_2_x86_64.whl", hash = "sha256:962d046ee1765f74a1da723f4b33e3b228fe3a48bd307acce5021dfefe0e29b2", size = 134814, upload-time = "2026-02-02T15:38:43.627Z" },
    { url = "https://files.pythonhosted.org/packages/1d/d3/f19b47ce16820cc2c480f7f1723e17f6d411b3a295c60c8ad3aa9ff1c96a/orjson-3.11.7-cp314-cp314-win32.whl", hash = "sha256:89e13dd3f89f1c38a9c9eba5fbf7cdc2d1feca82f5f290864b4b7a6aac704576", size = 127997, upload-time = "2026-02-02T15:38:45.06Z" },
    { url = "https://files.pythonhosted.org/packages/12/df/172771902943af54bf661a8d102bdf2e7f932127968080632bda6054b62c/orjson-3.11.7-cp314-cp314-win_amd64.whl", hash = "sha256:845c3e0d8ded9c9271cd79596b9b552448b885b97110f628fb687aee2eed11c1", size = 124985, upload-time = "2026-02-02T15:38:46.388Z" },
    { url = "https://files.pythonhosted.org/packages/6f/1c/f2a8d8a1b17514660a614ce5f7aac74b934e69f5abc2700cc7ced882a009/orjson-3.11.7-cp314-cp314-win_arm64.whl", hash = "sha256:4a2e9c5be347b937a2e0203866f12bba36082e89b402ddb9e927d5822e43088d", size = 126038, upload-time = "2026-02-02T15:38:47.703Z" },
]

[[package]]
name = "psycopg"
version = "3.3.2"
source = { registry = "https://pypi.org/simple" }
dependencies = [
    { name = "typing-extensions", marker = "python_full_version < '3.13'" },
    { name = "tzdata", marker = "sys_platform == 'win32'" },
]
sdist = { url = "https://files.pythonhosted.org/packages/e0/1a/7d9ef4fdc13ef7f15b934c393edc97a35c281bb7d3c3329fbfcbe915a7c2/psycopg-3.3.2.tar.gz", hash = "sha256:707a67975ee214d200511177a6a80e56e654754c9afca06a7194ea6bbfde9ca7", size = 165630, upload-time = "2025-12-06T17:34:53.899Z" }
wheels = [
    { url = "https://files.pythonhosted.org/packages/8c/51/2779ccdf9305981a06b21a6b27e8547c948d85c41c76ff434192784a4c93/psycopg-3.3.2-py3-none-any.whl", hash = "sha256:3e94bc5f4690247d734599af56e51bae8e0db8e4311ea413f801fef82b14a99b", size = 212774, upload-time = "2025-12-06T17:31:41.414Z" },
]

[package.optional-dependencies]
binary = [
    { name = "psycopg-binary", marker = "implementation_name != 'pypy'" },
]

[[package]]
name = "psycopg-binary"
version = "3.3.2"
source = { registry = "https://pypi.org/simple" }
wheels = [
    { url = "https://files.pythonhosted.org/packages/4e/1e/8614b01c549dd7e385dacdcd83fe194f6b3acb255a53cc67154ee6bf00e7/psycopg_binary-3.3.2-cp312-cp312-macosx_10_13_x86_64.whl", hash = "sha256:a9387ab615f929e71ef0f4a8a51e986fa06236ccfa9f3ec98a88f60fbf230634", size = 4579832, upload-time = "2025-12-06T17:33:01.388Z" },
    { url = "https://files.pythonhosted.org/packages/26/97/0bb093570fae2f4454d42c1ae6000f15934391867402f680254e4a7def54/psycopg_binary-3.3.2-cp312-cp312-macosx_11_0_arm64.whl", hash = "sha256:3ff7489df5e06c12d1829544eaec64970fe27fe300f7cf04c8495fe682064688", size = 4658786, upload-time = "2025-12-06T17:33:05.022Z" },
    { url = "https://files.pythonhosted.org/packages/61/20/1d9383e3f2038826900a14137b0647d755f67551aab316e1021443105ed5/psycopg_binary-3.3.2-cp312-cp312-manylinux2014_ppc64le.manylinux_2_17_ppc64le.whl", hash = "sha256:9742580ecc8e1ac45164e98d32ca6df90da509c2d3ff26be245d94c430f92db4", size = 5454896, upload-time = "2025-12-06T17:33:09.023Z" },
    { url = "https://files.pythonhosted.org/packages/a6/62/513c80ad8bbb545e364f7737bf2492d34a4c05eef4f7b5c16428dc42260d/psycopg_binary-3.3.2-cp312-cp312-manylinux2014_x86_64.manylinux_2_17_x86_64.whl", hash = "sha256:d45acedcaa58619355f18e0f42af542fcad3fd84ace4b8355d3a5dea23318578", size = 5132731, upload-time = "2025-12-06T17:33:12.519Z" },
    { url = "https://files.pythonhosted.org/packages/f3/28/ddf5f5905f088024bccb19857949467407c693389a14feb527d6171d8215/psycopg_binary-3.3.2-cp312-cp312-manylinux_2_27_aarch64.manylinux_2_28_aarch64.whl", hash = "sha256:d88f32ff8c47cb7f4e7e7a9d1747dcee6f3baa19ed9afa9e5694fd2fb32b61ed", size = 6724495, upload-time = "2025-12-06T17:33:16.624Z" },
    { url = "https://files.pythonhosted.org/packages/6e/93/a1157ebcc650960b264542b547f7914d87a42ff0cc15a7584b29d5807e6b/psycopg_binary-3.3.2-cp312-cp312-manylinux_2_38_riscv64.manylinux_2_39_riscv64.whl", hash = "sha256:59d0163c4617a2c577cb34afbed93d7a45b8c8364e54b2bd2020ff25d5f5f860", size = 4964979, upload-time = "2025-12-06T17:33:20.179Z" },
    { url = "https://files.pythonhosted.org/packages/0e/27/65939ba6798f9c5be4a5d9cd2061ebaf0851798525c6811d347821c8132d/psycopg_binary-3.3.2-cp312-cp312-musllinux_1_2_aarch64.whl", hash = "sha256:e750afe74e6c17b2c7046d2c3e3173b5a3f6080084671c8aa327215323df155b", size = 4493648, upload-time = "2025-12-06T17:33:23.464Z" },
    { url = "https://files.pythonhosted.org/packages/8a/c4/5e9e4b9b1c1e27026e43387b0ba4aaf3537c7806465dd3f1d5bde631752a/psycopg_binary-3.3.2-cp312-cp312-musllinux_1_2_ppc64le.whl", hash = "sha256:f26f113013c4dcfbfe9ced57b5bad2035dda1a7349f64bf726021968f9bccad3", size = 4173392, upload-time = "2025-12-06T17:33:26.88Z" },
    { url = "https://files.pythonhosted.org/packages/c6/81/cf43fb76993190cee9af1cbcfe28afb47b1928bdf45a252001017e5af26e/psycopg_binary-3.3.2-cp312-cp312-musllinux_1_2_riscv64.whl", hash = "sha256:8309ee4569dced5e81df5aa2dcd48c7340c8dee603a66430f042dfbd2878edca", size = 3909241, upload-time = "2025-12-06T17:33:30.092Z" },
    { url = "https://files.pythonhosted.org/packages/9d/20/c6377a0d17434674351627489deca493ea0b137c522b99c81d3a106372c8/psycopg_binary-3.3.2-cp312-cp312-musllinux_1_2_x86_64.whl", hash = "sha256:c6464150e25b68ae3cb04c4e57496ea11ebfaae4d98126aea2f4702dd43e3c12", size = 4219746, upload-time = "2025-12-06T17:33:33.097Z" },
    { url = "https://files.pythonhosted.org/packages/25/32/716c57b28eefe02a57a4c9d5bf956849597f5ea476c7010397199e56cfde/psycopg_binary-3.3.2-cp312-cp312-win_amd64.whl", hash = "sha256:716a586f99bbe4f710dc58b40069fcb33c7627e95cc6fc936f73c9235e07f9cf", size = 3537494, upload-time = "2025-12-06T17:33:35.82Z" },
    { url = "https://files.pythonhosted.org/packages/14/73/7ca7cb22b9ac7393fb5de7d28ca97e8347c375c8498b3bff2c99c1f38038/psycopg_binary-3.3.2-cp313-cp313-macosx_10_13_x86_64.whl", hash = "sha256:fc5a189e89cbfff174588665bb18d28d2d0428366cc9dae5864afcaa2e57380b", size = 4579068, upload-time = "2025-12-06T17:33:39.303Z" },
    { url = "https://files.pythonhosted.org/packages/f5/42/0cf38ff6c62c792fc5b55398a853a77663210ebd51ed6f0c4a05b06f95a6/psycopg_binary-3.3.2-cp313-cp313-macosx_11_0_arm64.whl", hash = "sha256:083c2e182be433f290dc2c516fd72b9b47054fcd305cce791e0a50d9e93e06f2", size = 4657520, upload-time = "2025-12-06T17:33:42.536Z" },
    { url = "https://files.pythonhosted.org/packages/3b/60/df846bc84cbf2231e01b0fff48b09841fe486fa177665e50f4995b1bfa44/psycopg_binary-3.3.2-cp313-cp313-manylinux2014_ppc64le.manylinux_2_17_ppc64le.whl", hash = "sha256:ac230e3643d1c436a2dfb59ca84357dfc6862c9f372fc5dbd96bafecae581f9f", size = 5452086, upload-time = "2025-12-06T17:33:46.54Z" },
    { url = "https://files.pythonhosted.org/packages/ab/85/30c846a00db86b1b53fd5bfd4b4edfbd0c00de8f2c75dd105610bd7568fc/psycopg_binary-3.3.2-cp313-cp313-manylinux2014_x86_64.manylinux_2_17_x86_64.whl", hash = "sha256:d8c899a540f6c7585cee53cddc929dd4d2db90fd828e37f5d4017b63acbc1a5d", size = 5131125, upload-time = "2025-12-06T17:33:50.413Z" },
    { url = "https://files.pythonhosted.org/packages/6d/15/9968732013373f36f8a2a3fb76104dffc8efd9db78709caa5ae1a87b1f80/psycopg_binary-3.3.2-cp313-cp313-manylinux_2_27_aarch64.manylinux_2_28_aarch64.whl", hash = "sha256:50ff10ab8c0abdb5a5451b9315538865b50ba64c907742a1385fdf5f5772b73e", size = 6722914, upload-time = "2025-12-06T17:33:54.544Z" },
    { url = "https://files.pythonhosted.org/packages/b2/ba/29e361fe02143ac5ff5a1ca3e45697344cfbebe2eaf8c4e7eec164bff9a0/psycopg_binary-3.3.2-cp313-cp313-manylinux_2_38_riscv64.manylinux_2_39_riscv64.whl", hash = "sha256:23d2594af848c1fd3d874a9364bef50730124e72df7bb145a20cb45e728c50ed", size = 4966081, upload-time = "2025-12-06T17:33:58.477Z" },
    { url = "https://files.pythonhosted.org/packages/99/45/1be90c8f1a1a237046903e91202fb06708745c179f220b361d6333ed7641/psycopg_binary-3.3.2-cp313-cp313-musllinux_1_2_aarch64.whl", hash = "sha256:ea4fe6b4ead3bbbe27244ea224fcd1f53cb119afc38b71a2f3ce570149a03e30", size = 4493332, upload-time = "2025-12-06T17:34:02.011Z" },
    { url = "https://files.pythonhosted.org/packages/2e/b5/bbdc07d5f0a5e90c617abd624368182aa131485e18038b2c6c85fc054aed/psycopg_binary-3.3.2-cp313-cp313-musllinux_1_2_ppc64le.whl", hash = "sha256:742ce48cde825b8e52fb1a658253d6d1ff66d152081cbc76aa45e2986534858d", size = 4170781, upload-time = "2025-12-06T17:34:05.298Z" },
    { url = "https://files.pythonhosted.org/packages/d1/2a/0d45e4f4da2bd78c3237ffa03475ef3751f69a81919c54a6e610eb1a7c96/psycopg_binary-3.3.2-cp313-cp313-musllinux_1_2_riscv64.whl", hash = "sha256:e22bf6b54df994aff37ab52695d635f1ef73155e781eee1f5fa75bc08b58c8da", size = 3910544, upload-time = "2025-12-06T17:34:08.251Z" },
    { url = "https://files.pythonhosted.org/packages/3a/62/a8e0f092f4dbef9a94b032fb71e214cf0a375010692fbe7493a766339e47/psycopg_binary-3.3.2-cp313-cp313-musllinux_1_2_x86_64.whl", hash = "sha256:8db9034cde3bcdafc66980f0130813f5c5d19e74b3f2a19fb3cfbc25ad113121", size = 4220070, upload-time = "2025-12-06T17:34:11.392Z" },
    { url = "https://files.pythonhosted.org/packages/09/e6/5fc8d8aff8afa114bb4a94a0341b9309311e8bf3ab32d816032f8b984d4e/psycopg_binary-3.3.2-cp313-cp313-win_amd64.whl", hash = "sha256:df65174c7cf6b05ea273ce955927d3270b3a6e27b0b12762b009ce6082b8d3fc", size = 3540922, upload-time = "2025-12-06T17:34:14.88Z" },
    { url = "https://files.pythonhosted.org/packages/bd/75/ad18c0b97b852aba286d06befb398cc6d383e9dfd0a518369af275a5a526/psycopg_binary-3.3.2-cp314-cp314-macosx_10_15_x86_64.whl", hash = "sha256:9ca24062cd9b2270e4d77576042e9cc2b1d543f09da5aba1f1a3d016cea28390", size = 4596371, upload-time = "2025-12-06T17:34:18.007Z" },
    { url = "https://files.pythonhosted.org/packages/5a/79/91649d94c8d89f84af5da7c9d474bfba35b08eb8f492ca3422b08f0a6427/psycopg_binary-3.3.2-cp314-cp314-macosx_11_0_arm64.whl", hash = "sha256:c749770da0947bc972e512f35366dd4950c0e34afad89e60b9787a37e97cb443", size = 4675139, upload-time = "2025-12-06T17:34:21.374Z" },
    { url = "https://files.pythonhosted.org/packages/56/ac/b26e004880f054549ec9396594e1ffe435810b0673e428e619ed722e4244/psycopg_binary-3.3.2-cp314-cp314-manylinux2014_ppc64le.manylinux_2_17_ppc64le.whl", hash = "sha256:03b7cd73fb8c45d272a34ae7249713e32492891492681e3cf11dff9531cf37e9", size = 5456120, upload-time = "2025-12-06T17:34:25.102Z" },
    { url = "https://files.pythonhosted.org/packages/4b/8d/410681dccd6f2999fb115cc248521ec50dd2b0aba66ae8de7e81efdebbee/psycopg_binary-3.3.2-cp314-cp314-manylinux2014_x86_64.manylinux_2_17_x86_64.whl", hash = "sha256:43b130e3b6edcb5ee856c7167ccb8561b473308c870ed83978ae478613764f1c", size = 5133484, upload-time = "2025-12-06T17:34:28.933Z" },
    { url = "https://files.pythonhosted.org/packages/66/30/ebbab99ea2cfa099d7b11b742ce13415d44f800555bfa4ad2911dc645b71/psycopg_binary-3.3.2-cp314-cp314-manylinux_2_27_aarch64.manylinux_2_28_aarch64.whl", hash = "sha256:7c1feba5a8c617922321aef945865334e468337b8fc5c73074f5e63143013b5a", size = 6731818, upload-time = "2025-12-06T17:34:33.094Z" },
    { url = "https://files.pythonhosted.org/packages/70/02/d260646253b7ad805d60e0de47f9b811d6544078452579466a098598b6f4/psycopg_binary-3.3.2-cp314-cp314-manylinux_2_38_riscv64.manylinux_2_39_riscv64.whl", hash = "sha256:cabb2a554d9a0a6bf84037d86ca91782f087dfff2a61298d0b00c19c0bc43f6d", size = 4983859, upload-time = "2025-12-06T17:34:36.457Z" },
    { url = "https://files.pythonhosted.org/packages/72/8d/e778d7bad1a7910aa36281f092bd85c5702f508fd9bb0ea2020ffbb6585c/psycopg_binary-3.3.2-cp314-cp314-musllinux_1_2_aarch64.whl", hash = "sha256:74bc306c4b4df35b09bc8cecf806b271e1c5d708f7900145e4e54a2e5dedfed0", size = 4516388, upload-time = "2025-12-06T17:34:40.129Z" },
    { url = "https://files.pythonhosted.org/packages/bd/f1/64e82098722e2ab3521797584caf515284be09c1e08a872551b6edbb0074/psycopg_binary-3.3.2-cp314-cp314-musllinux_1_2_ppc64le.whl", hash = "sha256:d79b0093f0fbf7a962d6a46ae292dc056c65d16a8ee9361f3cfbafd4c197ab14", size = 4192382, upload-time = "2025-12-06T17:34:43.279Z" },
    { url = "https://files.pythonhosted.org/packages/fa/d0/c20f4e668e89494972e551c31be2a0016e3f50d552d7ae9ac07086407599/psycopg_binary-3.3.2-cp314-cp314-musllinux_1_2_riscv64.whl", hash = "sha256:1586e220be05547c77afc326741dd41cc7fba38a81f9931f616ae98865439678", size = 3928660, upload-time = "2025-12-06T17:34:46.757Z" },
    { url = "https://files.pythonhosted.org/packages/0f/e1/99746c171de22539fd5eb1c9ca21dc805b54cfae502d7451d237d1dbc349/psycopg_binary-3.3.2-cp314-cp314-musllinux_1_2_x86_64.whl", hash = "sha256:458696a5fa5dad5b6fb5d5862c22454434ce4fe1cf66ca6c0de5f904cbc1ae3e", size = 4239169, upload-time = "2025-12-06T17:34:49.751Z" },
    { url = "https://files.pythonhosted.org/packages/72/f7/212343c1c9cfac35fd943c527af85e9091d633176e2a407a0797856ff7b9/psycopg_binary-3.3.2-cp314-cp314-win_amd64.whl", hash = "sha256:04bb2de4ba69d6f8395b446ede795e8884c040ec71d01dd07ac2b2d18d4153d1", size = 3642122, upload-time = "2025-12-06T17:34:52.506Z" },
]

[[package]]
name = "psycopg-pool"
version = "3.3.0"
source = { registry = "https://pypi.org/simple" }
dependencies = [
    { name = "typing-extensions" },
]
sdist = { url = "https://files.pythonhosted.org/packages/56/9a/9470d013d0d50af0da9c4251614aeb3c1823635cab3edc211e3839db0bcf/psycopg_pool-3.3.0.tar.gz", hash = "sha256:fa115eb2860bd88fce1717d75611f41490dec6135efb619611142b24da3f6db5", size = 31606, upload-time = "2025-12-01T11:34:33.11Z" }
wheels = [
    { url = "https://files.pythonhosted.org/packages/e7/c3/26b8a0908a9db249de3b4169692e1c7c19048a9bc41a4d3209cee7dbb758/psycopg_pool-3.3.0-py3-none-any.whl", hash = "sha256:2e44329155c410b5e8666372db44276a8b1ebd8c90f1c3026ebba40d4bc81063", size = 39995, upload-time = "2025-12-01T11:34:29.761Z" },
]

[[package]]
name = "py-dev"
version = "0.1.0"
source = { editable = "." }
dependencies = [
    { name = "faker" },
    { name = "oban" },
]

[package.metadata]
requires-dist = [
    { name = "faker" },
    { name = "oban", editable = "../../oban-py" },
]

[[package]]
name = "six"
version = "1.17.0"
source = { registry = "https://pypi.org/simple" }
sdist = { url = "https://files.pythonhosted.org/packages/94/e7/b2c673351809dca68a0e064b6af791aa332cf192da575fd474ed7d6f16a2/six-1.17.0.tar.gz", hash = "sha256:ff70335d468e7eb6ec65b95b99d3a2836546063f63acc5171de367e834932a81", size = 34031, upload-time = "2024-12-04T17:35:28.174Z" }
wheels = [
    { url = "https://files.pythonhosted.org/packages/b7/ce/149a00dd41f10bc29e5921b496af8b574d8413afcd5e30dfa0ed46c2cc5e/six-1.17.0-py2.py3-none-any.whl", hash = "sha256:4721f391ed90541fddacab5acf947aa0d3dc7d27b2e1e8eda2be8970586c3274", size = 11050, upload-time = "2024-12-04T17:35:26.475Z" },
]

[[package]]
name = "typing-extensions"
version = "4.15.0"
source = { registry = "https://pypi.org/simple" }
sdist = { url = "https://files.pythonhosted.org/packages/72/94/1a15dd82efb362ac84269196e94cf00f187f7ed21c242792a923cdb1c61f/typing_extensions-4.15.0.tar.gz", hash = "sha256:0cea48d173cc12fa28ecabc3b837ea3cf6f38c6d1136f85cbaaf598984861466", size = 109391, upload-time = "2025-08-25T13:49:26.313Z" }
wheels = [
    { url = "https://files.pythonhosted.org/packages/18/67/36e9267722cc04a6b9f15c7f3441c2363321a3ea07da7ae0c0707beb2a9c/typing_extensions-4.15.0-py3-none-any.whl", hash = "sha256:f0fa19c6845758ab08074a0cfa8b7aecb71c999ca73d62883bc25cc018c4e548", size = 44614, upload-time = "2025-08-25T13:49:24.86Z" },
]

[[package]]
name = "tzdata"
version = "2025.3"
source = { registry = "https://pypi.org/simple" }
sdist = { url = "https://files.pythonhosted.org/packages/5e/a7/c202b344c5ca7daf398f3b8a477eeb205cf3b6f32e7ec3a6bac0629ca975/tzdata-2025.3.tar.gz", hash = "sha256:de39c2ca5dc7b0344f2eba86f49d614019d29f060fc4ebc8a417896a620b56a7", size = 196772, upload-time = "2025-12-13T17:45:35.667Z" }
wheels = [
    { url = "https://files.pythonhosted.org/packages/c7/b0/003792df09decd6849a5e39c28b513c06e84436a54440380862b5aeff25d/tzdata-2025.3-py2.py3-none-any.whl", hash = "sha256:06a47e5700f3081aab02b2e513160914ff0694bce9947d6b76ebd6bf57cfc5d1", size = 348521, upload-time = "2025-12-13T17:45:33.889Z" },
]

[[package]]
name = "uvloop"
version = "0.22.1"
source = { registry = "https://pypi.org/simple" }
sdist = { url = "https://files.pythonhosted.org/packages/06/f0/18d39dbd1971d6d62c4629cc7fa67f74821b0dc1f5a77af43719de7936a7/uvloop-0.22.1.tar.gz", hash = "sha256:6c84bae345b9147082b17371e3dd5d42775bddce91f885499017f4607fdaf39f", size = 2443250, upload-time = "2025-10-16T22:17:19.342Z" }
wheels = [
    { url = "https://files.pythonhosted.org/packages/3d/ff/7f72e8170be527b4977b033239a83a68d5c881cc4775fca255c677f7ac5d/uvloop-0.22.1-cp312-cp312-macosx_10_13_universal2.whl", hash = "sha256:fe94b4564e865d968414598eea1a6de60adba0c040ba4ed05ac1300de402cd42", size = 1359936, upload-time = "2025-10-16T22:16:29.436Z" },
    { url = "https://files.pythonhosted.org/packages/c3/c6/e5d433f88fd54d81ef4be58b2b7b0cea13c442454a1db703a1eea0db1a59/uvloop-0.22.1-cp312-cp312-macosx_10_13_x86_64.whl", hash = "sha256:51eb9bd88391483410daad430813d982010f9c9c89512321f5b60e2cddbdddd6", size = 752769, upload-time = "2025-10-16T22:16:30.493Z" },
    { url = "https://files.pythonhosted.org/packages/24/68/a6ac446820273e71aa762fa21cdcc09861edd3536ff47c5cd3b7afb10eeb/uvloop-0.22.1-cp312-cp312-manylinux2014_aarch64.manylinux_2_17_aarch64.manylinux_2_28_aarch64.whl", hash = "sha256:700e674a166ca5778255e0e1dc4e9d79ab2acc57b9171b79e65feba7184b3370", size = 4317413, upload-time = "2025-10-16T22:16:31.644Z" },
    { url = "https://files.pythonhosted.org/packages/5f/6f/e62b4dfc7ad6518e7eff2516f680d02a0f6eb62c0c212e152ca708a0085e/uvloop-0.22.1-cp312-cp312-manylinux2014_x86_64.manylinux_2_17_x86_64.manylinux_2_28_x86_64.whl", hash = "sha256:7b5b1ac819a3f946d3b2ee07f09149578ae76066d70b44df3fa990add49a82e4", size = 4426307, upload-time = "2025-10-16T22:16:32.917Z" },
    { url = "https://files.pythonhosted.org/packages/90/60/97362554ac21e20e81bcef1150cb2a7e4ffdaf8ea1e5b2e8bf7a053caa18/uvloop-0.22.1-cp312-cp312-musllinux_1_2_aarch64.whl", hash = "sha256:e047cc068570bac9866237739607d1313b9253c3051ad84738cbb095be0537b2", size = 4131970, upload-time = "2025-10-16T22:16:34.015Z" },
    { url = "https://files.pythonhosted.org/packages/99/39/6b3f7d234ba3964c428a6e40006340f53ba37993f46ed6e111c6e9141d18/uvloop-0.22.1-cp312-cp312-musllinux_1_2_x86_64.whl", hash = "sha256:512fec6815e2dd45161054592441ef76c830eddaad55c8aa30952e6fe1ed07c0", size = 4296343, upload-time = "2025-10-16T22:16:35.149Z" },
    { url = "https://files.pythonhosted.org/packages/89/8c/182a2a593195bfd39842ea68ebc084e20c850806117213f5a299dfc513d9/uvloop-0.22.1-cp313-cp313-macosx_10_13_universal2.whl", hash = "sha256:561577354eb94200d75aca23fbde86ee11be36b00e52a4eaf8f50fb0c86b7705", size = 1358611, upload-time = "2025-10-16T22:16:36.833Z" },
    { url = "https://files.pythonhosted.org/packages/d2/14/e301ee96a6dc95224b6f1162cd3312f6d1217be3907b79173b06785f2fe7/uvloop-0.22.1-cp313-cp313-macosx_10_13_x86_64.whl", hash = "sha256:1cdf5192ab3e674ca26da2eada35b288d2fa49fdd0f357a19f0e7c4e7d5077c8", size = 751811, upload-time = "2025-10-16T22:16:38.275Z" },
    { url = "https://files.pythonhosted.org/packages/b7/02/654426ce265ac19e2980bfd9ea6590ca96a56f10c76e63801a2df01c0486/uvloop-0.22.1-cp313-cp313-manylinux2014_aarch64.manylinux_2_17_aarch64.manylinux_2_28_aarch64.whl", hash = "sha256:6e2ea3d6190a2968f4a14a23019d3b16870dd2190cd69c8180f7c632d21de68d", size = 4288562, upload-time = "2025-10-16T22:16:39.375Z" },
    { url = "https://files.pythonhosted.org/packages/15/c0/0be24758891ef825f2065cd5db8741aaddabe3e248ee6acc5e8a80f04005/uvloop-0.22.1-cp313-cp313-manylinux2014_x86_64.manylinux_2_17_x86_64.manylinux_2_28_x86_64.whl", hash = "sha256:0530a5fbad9c9e4ee3f2b33b148c6a64d47bbad8000ea63704fa8260f4cf728e", size = 4366890, upload-time = "2025-10-16T22:16:40.547Z" },
    { url = "https://files.pythonhosted.org/packages/d2/53/8369e5219a5855869bcee5f4d317f6da0e2c669aecf0ef7d371e3d084449/uvloop-0.22.1-cp313-cp313-musllinux_1_2_aarch64.whl", hash = "sha256:bc5ef13bbc10b5335792360623cc378d52d7e62c2de64660616478c32cd0598e", size = 4119472, upload-time = "2025-10-16T22:16:41.694Z" },
    { url = "https://files.pythonhosted.org/packages/f8/ba/d69adbe699b768f6b29a5eec7b47dd610bd17a69de51b251126a801369ea/uvloop-0.22.1-cp313-cp313-musllinux_1_2_x86_64.whl", hash = "sha256:1f38ec5e3f18c8a10ded09742f7fb8de0108796eb673f30ce7762ce1b8550cad", size = 4239051, upload-time = "2025-10-16T22:16:43.224Z" },
    { url = "https://files.pythonhosted.org/packages/90/cd/b62bdeaa429758aee8de8b00ac0dd26593a9de93d302bff3d21439e9791d/uvloop-0.22.1-cp314-cp314-macosx_10_13_universal2.whl", hash = "sha256:3879b88423ec7e97cd4eba2a443aa26ed4e59b45e6b76aabf13fe2f27023a142", size = 1362067, upload-time = "2025-10-16T22:16:44.503Z" },
    { url = "https://files.pythonhosted.org/packages/0d/f8/a132124dfda0777e489ca86732e85e69afcd1ff7686647000050ba670689/uvloop-0.22.1-cp314-cp314-macosx_10_13_x86_64.whl", hash = "sha256:4baa86acedf1d62115c1dc6ad1e17134476688f08c6efd8a2ab076e815665c74", size = 752423, upload-time = "2025-10-16T22:16:45.968Z" },
    { url = "https://files.pythonhosted.org/packages/a3/94/94af78c156f88da4b3a733773ad5ba0b164393e357cc4bd0ab2e2677a7d6/uvloop-0.22.1-cp314-cp314-manylinux2014_aarch64.manylinux_2_17_aarch64.manylinux_2_28_aarch64.whl", hash = "sha256:297c27d8003520596236bdb2335e6b3f649480bd09e00d1e3a99144b691d2a35", size = 4272437, upload-time = "2025-10-16T22:16:47.451Z" },
    { url = "https://files.pythonhosted.org/packages/b5/35/60249e9fd07b32c665192cec7af29e06c7cd96fa1d08b84f012a56a0b38e/uvloop-0.22.1-cp314-cp314-manylinux2014_x86_64.manylinux_2_17_x86_64.manylinux_2_28_x86_64.whl", hash = "sha256:c1955d5a1dd43198244d47664a5858082a3239766a839b2102a269aaff7a4e25", size = 4292101, upload-time = "2025-10-16T22:16:49.318Z" },
    { url = "https://files.pythonhosted.org/packages/02/62/67d382dfcb25d0a98ce73c11ed1a6fba5037a1a1d533dcbb7cab033a2636/uvloop-0.22.1-cp314-cp314-musllinux_1_2_aarch64.whl", hash = "sha256:b31dc2fccbd42adc73bc4e7cdbae4fc5086cf378979e53ca5d0301838c5682c6", size = 4114158, upload-time = "2025-10-16T22:16:50.517Z" },
    { url = "https://files.pythonhosted.org/packages/f0/7a/f1171b4a882a5d13c8b7576f348acfe6074d72eaf52cccef752f748d4a9f/uvloop-0.22.1-cp314-cp314-musllinux_1_2_x86_64.whl", hash = "sha256:93f617675b2d03af4e72a5333ef89450dfaa5321303ede6e67ba9c9d26878079", size = 4177360, upload-time = "2025-10-16T22:16:52.646Z" },
    { url = "https://files.pythonhosted.org/packages/79/7b/b01414f31546caf0919da80ad57cbfe24c56b151d12af68cee1b04922ca8/uvloop-0.22.1-cp314-cp314t-macosx_10_13_universal2.whl", hash = "sha256:37554f70528f60cad66945b885eb01f1bb514f132d92b6eeed1c90fd54ed6289", size = 1454790, upload-time = "2025-10-16T22:16:54.355Z" },
    { url = "https://files.pythonhosted.org/packages/d4/31/0bb232318dd838cad3fa8fb0c68c8b40e1145b32025581975e18b11fab40/uvloop-0.22.1-cp314-cp314t-macosx_10_13_x86_64.whl", hash = "sha256:b76324e2dc033a0b2f435f33eb88ff9913c156ef78e153fb210e03c13da746b3", size = 796783, upload-time = "2025-10-16T22:16:55.906Z" },
    { url = "https://files.pythonhosted.org/packages/42/38/c9b09f3271a7a723a5de69f8e237ab8e7803183131bc57c890db0b6bb872/uvloop-0.22.1-cp314-cp314t-manylinux2014_aarch64.manylinux_2_17_aarch64.manylinux_2_28_aarch64.whl", hash = "sha256:badb4d8e58ee08dad957002027830d5c3b06aea446a6a3744483c2b3b745345c", size = 4647548, upload-time = "2025-10-16T22:16:57.008Z" },
    { url = "https://files.pythonhosted.org/packages/c1/37/945b4ca0ac27e3dc4952642d4c900edd030b3da6c9634875af6e13ae80e5/uvloop-0.22.1-cp314-cp314t-manylinux2014_x86_64.manylinux_2_17_x86_64.manylinux_2_28_x86_64.whl", hash = "sha256:b91328c72635f6f9e0282e4a57da7470c7350ab1c9f48546c0f2866205349d21", size = 4467065, upload-time = "2025-10-16T22:16:58.206Z" },
    { url = "https://files.pythonhosted.org/packages/97/cc/48d232f33d60e2e2e0b42f4e73455b146b76ebe216487e862700457fbf3c/uvloop-0.22.1-cp314-cp314t-musllinux_1_2_aarch64.whl", hash = "sha256:daf620c2995d193449393d6c62131b3fbd40a63bf7b307a1527856ace637fe88", size = 4328384, upload-time = "2025-10-16T22:16:59.36Z" },
    { url = "https://files.pythonhosted.org/packages/e4/16/c1fd27e9549f3c4baf1dc9c20c456cd2f822dbf8de9f463824b0c0357e06/uvloop-0.22.1-cp314-cp314t-musllinux_1_2_x86_64.whl", hash = "sha256:6cde23eeda1a25c75b2e07d39970f3374105d5eafbaab2a4482be82f272d5a5e", size = 4296730, upload-time = "2025-10-16T22:17:00.744Z" },
]
