{
  "name": "assets",
  "lockfileVersion": 2,
  "requires": true,
  "packages": {
    "": {
      "license": "MIT",
      "dependencies": {
        "@dagrejs/dagre": "2.0.0",
        "chart.js": "^4.4.7",
        "phoenix": "file:../deps/phoenix",
        "phoenix_html": "file:../deps/phoenix_html",
        "phoenix_live_view": "file:../deps/phoenix_live_view",
        "tippy.js": "^6.3.7",
        "topbar": "^1.0.1"
      }
    },
    "../deps/phoenix": {
      "version": "1.8.13",
      "license": "MIT",
      "devDependencies": {
        "@babel/cli": "7.29.7",
        "@babel/core": "7.29.7",
        "@babel/preset-env": "7.29.7",
        "@eslint/js": "^10.0.1",
        "@stylistic/eslint-plugin": "^5.0.0",
        "documentation": "^14.0.3",
        "eslint": "10.4.1",
        "eslint-plugin-jest": "29.15.2",
        "jest": "^30.0.0",
        "jest-environment-jsdom": "^30.0.0",
        "jsdom": "^29.0.1",
        "mock-socket": "^9.3.1"
      }
    },
    "../deps/phoenix_html": {
      "version": "4.3.0"
    },
    "../deps/phoenix_live_view": {
      "version": "1.2.11",
      "license": "MIT",
      "devDependencies": {
        "@babel/cli": "8.0.4",
        "@babel/core": "8.0.1",
        "@babel/preset-env": "^8.0.2",
        "@babel/preset-typescript": "^8.0.1",
        "@eslint/js": "^10.0.1",
        "@playwright/test": "^1.62.0",
        "@types/jest": "^30.0.0",
        "@types/phoenix": "^1.6.7",
        "css.escape": "^1.5.1",
        "eslint": "^10.8.0",
        "eslint-plugin-jest": "^29.16.0",
        "eslint-plugin-playwright": "^2.11.0",
        "globals": "^17.8.0",
        "jest": "^30.4.2",
        "jest-environment-jsdom": "^30.4.1",
        "jest-monocart-coverage": "^1.1.1",
        "monocart-reporter": "^2.12.4",
        "morphdom": "github:SteffenDE/morphdom#main",
        "phoenix": "1.8.9",
        "prettier": "3.9.6",
        "typedoc": "^0.28.20",
        "typedoc-plugin-missing-exports": "^4.1.4",
        "typescript": "^6.0",
        "typescript-eslint": "^8.65.0"
      }
    },
    "node_modules/@dagrejs/dagre": {
      "version": "2.0.0",
      "resolved": "https://registry.npmjs.org/@dagrejs/dagre/-/dagre-2.0.0.tgz",
      "integrity": "sha512-L87v5pFRQDjTSXULl5HbJyMfGZRS2fqvbQsmROt9pmy7CeoC54n7kRBsYs4AmvVnNdChIWuE1F9EEWAL+ZJNGw==",
      "license": "MIT",
      "dependencies": {
        "@dagrejs/graphlib": "2.2.4"
      }
    },
    "node_modules/@dagrejs/graphlib": {
      "version": "2.2.4",
      "resolved": "https://registry.npmjs.org/@dagrejs/graphlib/-/graphlib-2.2.4.tgz",
      "integrity": "sha512-mepCf/e9+SKYy1d02/UkvSy6+6MoyXhVxP8lLDfA7BPE1X1d4dR0sZznmbM8/XVJ1GPM+Svnx7Xj6ZweByWUkw==",
      "license": "MIT",
      "engines": {
        "node": ">17.0.0"
      }
    },
    "node_modules/@kurkle/color": {
      "version": "0.3.2",
      "resolved": "https://registry.npmjs.org/@kurkle/color/-/color-0.3.2.tgz",
      "integrity": "sha512-fuscdXJ9G1qb7W8VdHi+IwRqij3lBkosAm4ydQtEmbY58OzHXqQhvlxqEkoz0yssNVn38bcpRWgA9PP+OGoisw=="
    },
    "node_modules/@popperjs/core": {
      "version": "2.11.6",
      "resolved": "https://registry.npmjs.org/@popperjs/core/-/core-2.11.6.tgz",
      "integrity": "sha512-50/17A98tWUfQ176raKiOGXuYpLyyVMkxxG6oylzL3BPOlA6ADGdK7EYunSa4I064xerltq9TGXs8HmOk5E+vw==",
      "funding": {
        "type": "opencollective",
        "url": "https://opencollective.com/popperjs"
      }
    },
    "node_modules/chart.js": {
      "version": "4.4.7",
      "resolved": "https://registry.npmjs.org/chart.js/-/chart.js-4.4.7.tgz",
      "integrity": "sha512-pwkcKfdzTMAU/+jNosKhNL2bHtJc/sSmYgVbuGTEDhzkrhmyihmP7vUc/5ZK9WopidMDHNe3Wm7jOd/WhuHWuw==",
      "license": "MIT",
      "dependencies": {
        "@kurkle/color": "^0.3.0"
      },
      "engines": {
        "pnpm": ">=8"
      }
    },
    "node_modules/phoenix": {
      "resolved": "../deps/phoenix",
      "link": true
    },
    "node_modules/phoenix_html": {
      "resolved": "../deps/phoenix_html",
      "link": true
    },
    "node_modules/phoenix_live_view": {
      "resolved": "../deps/phoenix_live_view",
      "link": true
    },
    "node_modules/tippy.js": {
      "version": "6.3.7",
      "resolved": "https://registry.npmjs.org/tippy.js/-/tippy.js-6.3.7.tgz",
      "integrity": "sha512-E1d3oP2emgJ9dRQZdf3Kkn0qJgI6ZLpyS5z6ZkY1DF3kaQaBsGZsndEpHwx+eC+tYM41HaSNvNtLx8tU57FzTQ==",
      "dependencies": {
        "@popperjs/core": "^2.9.0"
      }
    },
    "node_modules/topbar": {
      "version": "1.0.1",
      "resolved": "https://registry.npmjs.org/topbar/-/topbar-1.0.1.tgz",
      "integrity": "sha512-HZqQSMBiG29vcjOrqKCM9iGY/h69G5gQH7ae83ZCPz5uPmbQKwK0sMEqzVDBiu64tWHJ+kk9NApECrF+FAAvRA=="
    }
  },
  "dependencies": {
    "@dagrejs/dagre": {
      "version": "2.0.0",
      "resolved": "https://registry.npmjs.org/@dagrejs/dagre/-/dagre-2.0.0.tgz",
      "integrity": "sha512-L87v5pFRQDjTSXULl5HbJyMfGZRS2fqvbQsmROt9pmy7CeoC54n7kRBsYs4AmvVnNdChIWuE1F9EEWAL+ZJNGw==",
      "requires": {
        "@dagrejs/graphlib": "2.2.4"
      }
    },
    "@dagrejs/graphlib": {
      "version": "2.2.4",
      "resolved": "https://registry.npmjs.org/@dagrejs/graphlib/-/graphlib-2.2.4.tgz",
      "integrity": "sha512-mepCf/e9+SKYy1d02/UkvSy6+6MoyXhVxP8lLDfA7BPE1X1d4dR0sZznmbM8/XVJ1GPM+Svnx7Xj6ZweByWUkw=="
    },
    "@kurkle/color": {
      "version": "0.3.2",
      "resolved": "https://registry.npmjs.org/@kurkle/color/-/color-0.3.2.tgz",
      "integrity": "sha512-fuscdXJ9G1qb7W8VdHi+IwRqij3lBkosAm4ydQtEmbY58OzHXqQhvlxqEkoz0yssNVn38bcpRWgA9PP+OGoisw=="
    },
    "@popperjs/core": {
      "version": "2.11.6",
      "resolved": "https://registry.npmjs.org/@popperjs/core/-/core-2.11.6.tgz",
      "integrity": "sha512-50/17A98tWUfQ176raKiOGXuYpLyyVMkxxG6oylzL3BPOlA6ADGdK7EYunSa4I064xerltq9TGXs8HmOk5E+vw=="
    },
    "chart.js": {
      "version": "4.4.7",
      "resolved": "https://registry.npmjs.org/chart.js/-/chart.js-4.4.7.tgz",
      "integrity": "sha512-pwkcKfdzTMAU/+jNosKhNL2bHtJc/sSmYgVbuGTEDhzkrhmyihmP7vUc/5ZK9WopidMDHNe3Wm7jOd/WhuHWuw==",
      "requires": {
        "@kurkle/color": "^0.3.0"
      }
    },
    "phoenix": {
      "version": "file:../deps/phoenix",
      "requires": {
        "@babel/cli": "7.29.7",
        "@babel/core": "7.29.7",
        "@babel/preset-env": "7.29.7",
        "@eslint/js": "^10.0.1",
        "@stylistic/eslint-plugin": "^5.0.0",
        "documentation": "^14.0.3",
        "eslint": "10.4.1",
        "eslint-plugin-jest": "29.15.2",
        "jest": "^30.0.0",
        "jest-environment-jsdom": "^30.0.0",
        "jsdom": "^29.0.1",
        "mock-socket": "^9.3.1"
      }
    },
    "phoenix_html": {
      "version": "file:../deps/phoenix_html"
    },
    "phoenix_live_view": {
      "version": "file:../deps/phoenix_live_view",
      "requires": {
        "@babel/cli": "8.0.4",
        "@babel/core": "8.0.1",
        "@babel/preset-env": "^8.0.2",
        "@babel/preset-typescript": "^8.0.1",
        "@eslint/js": "^10.0.1",
        "@playwright/test": "^1.62.0",
        "@types/jest": "^30.0.0",
        "@types/phoenix": "^1.6.7",
        "css.escape": "^1.5.1",
        "eslint": "^10.8.0",
        "eslint-plugin-jest": "^29.16.0",
        "eslint-plugin-playwright": "^2.11.0",
        "globals": "^17.8.0",
        "jest": "^30.4.2",
        "jest-environment-jsdom": "^30.4.1",
        "jest-monocart-coverage": "^1.1.1",
        "monocart-reporter": "^2.12.4",
        "morphdom": "github:SteffenDE/morphdom#main",
        "phoenix": "1.8.9",
        "prettier": "3.9.6",
        "typedoc": "^0.28.20",
        "typedoc-plugin-missing-exports": "^4.1.4",
        "typescript": "^6.0",
        "typescript-eslint": "^8.65.0"
      }
    },
    "tippy.js": {
      "version": "6.3.7",
      "resolved": "https://registry.npmjs.org/tippy.js/-/tippy.js-6.3.7.tgz",
      "integrity": "sha512-E1d3oP2emgJ9dRQZdf3Kkn0qJgI6ZLpyS5z6ZkY1DF3kaQaBsGZsndEpHwx+eC+tYM41HaSNvNtLx8tU57FzTQ==",
      "requires": {
        "@popperjs/core": "^2.9.0"
      }
    },
    "topbar": {
      "version": "1.0.1",
      "resolved": "https://registry.npmjs.org/topbar/-/topbar-1.0.1.tgz",
      "integrity": "sha512-HZqQSMBiG29vcjOrqKCM9iGY/h69G5gQH7ae83ZCPz5uPmbQKwK0sMEqzVDBiu64tWHJ+kk9NApECrF+FAAvRA=="
    }
  }
}
